
Microsoft Visual Studio Solution File, Format Version 12.00
# Visual Studio Version 16
VisualStudioVersion = 16.0.31129.286
MinimumVisualStudioVersion = 10.0.40219.1
Project("{9A19103F-16F7-4668-BE54-9A1E7A4F7556}") = "HelloWorld", "HelloWorld\HelloWorld.csproj", "{A78A72C0-C75A-4630-A49F-29182A28CC46}"
EndProject
Global
	GlobalSection(SolutionConfigurationPlatforms) = preSolution
		Debug|Any CPU = Debug|Any CPU
		Release|Any CPU = Release|Any CPU
	EndGlobalSection
	GlobalSection(ProjectConfigurationPlatforms) = postSolution
		{A78A72C0-C75A-4630-A49F-29182A28CC46}.Debug|Any CPU.ActiveCfg = Debug|Any CPU
		{A78A72C0-C75A-4630-A49F-29182A28CC46}.Debug|Any CPU.Build.0 = Debug|Any CPU
		{A78A72C0-C75A-4630-A49F-29182A28CC46}.Release|Any CPU.ActiveCfg = Release|Any CPU
		{A78A72C0-C75A-4630-A49F-29182A28CC46}.Release|Any CPU.Build.0 = Release|Any CPU
	EndGlobalSection
	GlobalSection(SolutionProperties) = preSolution
		HideSolutionNode = FALSE
	EndGlobalSection
	GlobalSection(ExtensibilityGlobals) = postSolution
		SolutionGuid = {3C7099DA-8DCA-4A09-B70B-76A816E557BA}
	EndGlobalSection
EndGlobal
